
Microsoft Visual Studio Solution File, Format Version 12.00
# Visual Studio Version 17
VisualStudioVersion = 17.7.34024.191
MinimumVisualStudioVersion = 10.0.40219.1
Project("{9A19103F-16F7-4668-BE54-9A1E7A4F7556}") = "OncoAnalyzer", "OncoAnalyzer\OncoAnalyzer.csproj", "{7ACD2D79-76B9-48DE-A950-79650AABCDC4}"
EndProject
Project("{9A19103F-16F7-4668-BE54-9A1E7A4F7556}") = "OncoAnalyzer.Tests", "OncoAnalyzer.Tests\OncoAnalyzer.Tests.csproj", "{3D28E0E0-24E8-4154-8DEC-D3C71519A377}"
EndProject
Global
	GlobalSection(SolutionConfigurationPlatforms) = preSolution
		Debug|Any CPU = Debug|Any CPU
		Release|Any CPU = Release|Any CPU
	EndGlobalSection
	GlobalSection(ProjectConfigurationPlatforms) = postSolution
		{7ACD2D79-76B9-48DE-A950-79650AABCDC4}.Debug|Any CPU.ActiveCfg = Debug|Any CPU
		{7ACD2D79-76B9-48DE-A950-79650AABCDC4}.Debug|Any CPU.Build.0 = Debug|Any CPU
		{7ACD2D79-76B9-48DE-A950-79650AABCDC4}.Release|Any CPU.ActiveCfg = Release|Any CPU
		{7ACD2D79-76B9-48DE-A950-79650AABCDC4}.Release|Any CPU.Build.0 = Release|Any CPU
		{3D28E0E0-24E8-4154-8DEC-D3C71519A377}.Debug|Any CPU.ActiveCfg = Debug|Any CPU
		{3D28E0E0-24E8-4154-8DEC-D3C71519A377}.Debug|Any CPU.Build.0 = Debug|Any CPU
		{3D28E0E0-24E8-4154-8DEC-D3C71519A377}.Release|Any CPU.ActiveCfg = Release|Any CPU
		{3D28E0E0-24E8-4154-8DEC-D3C71519A377}.Release|Any CPU.Build.0 = Release|Any CPU
	EndGlobalSection
	GlobalSection(SolutionProperties) = preSolution
		HideSolutionNode = FALSE
	EndGlobalSection
	GlobalSection(ExtensibilityGlobals) = postSolution
		SolutionGuid = {643E5000-3A46-4622-AD25-21187F2F0C01}
	EndGlobalSection
EndGlobal
